# Run ./gradlew --write-locks to regenerate this file
com.amazonaws:aws-java-sdk-core:1.11.166 (2 constraints: 751af57f)
com.amazonaws:aws-java-sdk-kms:1.11.166 (1 constraints: c50cea1e)
com.amazonaws:jmespath-java:1.11.166 (1 constraints: b10d1d4b)
com.baulsupp:okhttp-digest:0.4.0 (2 constraints: ac0e993e)
com.baulsupp:oksocial-output:4.28.0 (2 constraints: e60edd49)
com.baulsupp:okurl:1.90.0 (1 constraints: 3c05493b)
com.fasterxml.jackson.core:jackson-annotations:2.9.8 (3 constraints: e13d81a2)
com.fasterxml.jackson.core:jackson-core:2.9.8 (7 constraints: 3e9bf646)
com.fasterxml.jackson.core:jackson-databind:2.9.8 (9 constraints: 62978e97)
com.fasterxml.jackson.dataformat:jackson-dataformat-cbor:2.9.8 (3 constraints: 58238289)
com.fasterxml.jackson.dataformat:jackson-dataformat-yaml:2.9.8 (2 constraints: db1532f8)
com.fasterxml.jackson.datatype:jackson-datatype-jdk8:2.9.8 (2 constraints: db1532f8)
com.fasterxml.jackson.datatype:jackson-datatype-jsr310:2.9.8 (2 constraints: db1532f8)
com.fasterxml.jackson.module:jackson-module-kotlin:2.9.8 (1 constraints: eb08938c)
com.fasterxml.jackson.module:jackson-module-parameter-names:2.9.8 (2 constraints: db1532f8)
com.github.jnr:jffi:1.2.17 (2 constraints: 31164f4c)
com.github.jnr:jnr-a64asm:1.0.0 (1 constraints: e709bdb2)
com.github.jnr:jnr-constants:0.9.11 (3 constraints: 3c235691)
com.github.jnr:jnr-enxio:0.20 (1 constraints: d20cde08)
com.github.jnr:jnr-ffi:2.1.9 (3 constraints: d722dd54)
com.github.jnr:jnr-posix:3.0.47 (1 constraints: 3c0d2523)
com.github.jnr:jnr-unixsocket:0.22 (2 constraints: 141db3b3)
com.github.jnr:jnr-x86asm:1.0.2 (1 constraints: e909bfb2)
com.github.markusbernhardt:proxy-vole:1.0.5 (2 constraints: ae0ecb3e)
com.github.mrmike:ok2curl:0.5.0 (2 constraints: ad0eb63e)
com.github.rvesse:airline:2.6.0 (2 constraints: b00e113f)
com.github.rvesse:airline-io:2.6.0 (1 constraints: 740bb1de)
com.google.api-client:google-api-client:1.22.0 (2 constraints: 291fe6ea)
com.google.apis:google-api-services-cloudkms:v1-rev9-1.22.0 (1 constraints: e10e727a)
com.google.auto:auto-common:0.8 (1 constraints: 430f6767)
com.google.auto.service:auto-service:1.0-rc4 (1 constraints: fe0c3e13)
com.google.code.findbugs:jsr305:3.0.2 (5 constraints: 7d3c9410)
com.google.crypto.tink:tink:1.2.2 (2 constraints: ad0eb43e)
com.google.errorprone:error_prone_annotations:2.1.3 (1 constraints: 180aebb4)
com.google.guava:guava:25.0-jre (1 constraints: 6c0d5a20)
com.google.guava:guava-jdk5:17.0 (1 constraints: 3a1099a2)
com.google.http-client:google-http-client:1.22.0 (2 constraints: 4b27fe1f)
com.google.http-client:google-http-client-jackson2:1.22.0 (1 constraints: 951082c3)
com.google.j2objc:j2objc-annotations:1.1 (1 constraints: b609eba0)
com.google.oauth-client:google-oauth-client:1.22.0 (1 constraints: 951082c3)
com.google.protobuf:protobuf-java:3.6.0 (1 constraints: 2e0c43f9)
com.jakewharton.byteunits:byteunits:0.9.1 (3 constraints: 5e1c1f5c)
com.kitfox.svg:svg-salamander:1.0 (2 constraints: 5112e2d6)
com.squareup.moshi:moshi:1.8.0 (4 constraints: 802a7d9f)
com.squareup.moshi:moshi-adapters:1.8.0 (2 constraints: eb0da84a)
com.squareup.moshi:moshi-kotlin:1.8.0 (2 constraints: eb0da84a)
com.squareup.okhttp3:logging-interceptor:4.0.0-SNAPSHOT (1 constraints: 11099395)
com.squareup.okhttp3:mockwebserver:4.0.0-SNAPSHOT (1 constraints: d013a255)
com.squareup.okhttp3:okhttp:4.0.0-SNAPSHOT (11 constraints: c3a84a30)
com.squareup.okhttp3:okhttp-dnsoverhttps:4.0.0-SNAPSHOT (1 constraints: 11099395)
com.squareup.okhttp3:okhttp-sse:4.0.0-SNAPSHOT (1 constraints: 11099395)
com.squareup.okhttp3:okhttp-tls:4.0.0-SNAPSHOT (1 constraints: 11099395)
com.squareup.okhttp3.sample:unixdomainsockets:3.14.0 (2 constraints: e00e2b49)
com.squareup.okio:okio:2.2.2 (6 constraints: 7741d465)
commons-codec:commons-codec:1.9 (1 constraints: c90f9e71)
commons-io:commons-io:2.6 (3 constraints: 121a4ce2)
commons-logging:commons-logging:1.2 (2 constraints: 351dc2e5)
io.jsonwebtoken:jjwt-api:0.10.6 (3 constraints: d021f3f3)
io.jsonwebtoken:jjwt-impl:0.10.6 (1 constraints: 0f097a95)
io.jsonwebtoken:jjwt-jackson:0.10.6 (1 constraints: 0f097a95)
io.netty:netty-buffer:4.1.34.Final (4 constraints: 4035abce)
io.netty:netty-codec:4.1.34.Final (2 constraints: d51baeb7)
io.netty:netty-codec-dns:4.1.34.Final (1 constraints: a50e465c)
io.netty:netty-common:4.1.34.Final (6 constraints: ac4eac6f)
io.netty:netty-resolver:4.1.34.Final (2 constraints: 521c66d4)
io.netty:netty-resolver-dns:4.1.34.Final (1 constraints: 2c0b9ad2)
io.netty:netty-transport:4.1.34.Final (3 constraints: 93271f71)
io.zipkin.brave:brave:5.6.3 (4 constraints: 6f344963)
io.zipkin.brave:brave-core:4.13.6 (1 constraints: e60b63f5)
io.zipkin.brave:brave-http:4.13.6 (1 constraints: c00c4913)
io.zipkin.brave:brave-instrumentation-http:5.6.3 (1 constraints: 64132e3d)
io.zipkin.brave:brave-instrumentation-okhttp3:5.6.3 (2 constraints: b60ebf3f)
io.zipkin.brave:brave-okhttp:4.13.6 (2 constraints: e60ed049)
io.zipkin.java:zipkin:2.10.1 (2 constraints: dc0eb248)
io.zipkin.reporter2:zipkin-reporter:2.8.2 (3 constraints: ea26d3fc)
io.zipkin.reporter2:zipkin-sender-okhttp3:2.8.2 (2 constraints: b40e813f)
io.zipkin.zipkin2:zipkin:2.12.7 (5 constraints: 0141f0c8)
javax.activation:activation:1.1.1 (3 constraints: 571c5a5a)
javax.inject:javax.inject:1 (1 constraints: b10a02b2)
joda-time:joda-time:2.8.1 (1 constraints: 7a0dd431)
junit:junit:4.12 (1 constraints: 080f065e)
net.java.dev.jna:jna:4.5.1 (2 constraints: fd1c7b1e)
net.java.dev.jna:jna-platform:4.5.1 (1 constraints: 6c1013a3)
org.apache.commons:commons-collections4:4.2 (1 constraints: 140bfbc7)
org.apache.commons:commons-lang3:3.8.1 (3 constraints: d01a9230)
org.apache.httpcomponents:httpclient:4.5.2 (2 constraints: ea1e14b4)
org.apache.httpcomponents:httpcore:4.4.4 (1 constraints: 2910c091)
org.bouncycastle:bcprov-jdk15on:1.61 (3 constraints: 241c3496)
org.brotli:dec:0.1.2 (2 constraints: ab0e783e)
org.checkerframework:checker-compat-qual:2.0.0 (1 constraints: 140ae5b4)
org.codehaus.mojo:animal-sniffer-annotations:1.14 (1 constraints: ea09d5aa)
org.conscrypt:conscrypt-openjdk-uber:2.1.0 (2 constraints: ab0e803e)
org.fusesource.jansi:jansi:1.18 (2 constraints: 840e8b35)
org.hamcrest:hamcrest-core:1.3 (1 constraints: cc05fe3f)
org.ini4j:ini4j:0.5.4 (1 constraints: 6b1002a3)
org.javadelight:delight-nashorn-sandbox:0.1.14 (1 constraints: 98108bb3)
org.jetbrains:annotations:13.0 (1 constraints: df0e795c)
org.jetbrains.intellij.deps:trove4j:1.0.20181211 (2 constraints: cc27bfd6)
org.jetbrains.kotlin:kotlin-compiler-embeddable:1.3.30 (1 constraints: 0f098695)
org.jetbrains.kotlin:kotlin-daemon-client:1.3.30 (1 constraints: 3e1190d7)
org.jetbrains.kotlin:kotlin-reflect:1.3.30 (8 constraints: f473560c)
org.jetbrains.kotlin:kotlin-script-runtime:1.3.30 (3 constraints: 8237a9ab)
org.jetbrains.kotlin:kotlin-script-util:1.3.30 (1 constraints: 0f098695)
org.jetbrains.kotlin:kotlin-scripting-common:1.3.30 (1 constraints: 0b121d00)
org.jetbrains.kotlin:kotlin-scripting-jvm:1.3.30 (1 constraints: 3e1190d7)
org.jetbrains.kotlin:kotlin-stdlib:1.3.30 (13 constraints: 70d6750b)
org.jetbrains.kotlin:kotlin-stdlib-common:1.3.30 (3 constraints: dd3048af)
org.jetbrains.kotlin:kotlin-stdlib-jdk7:1.3.30 (1 constraints: de10ebd2)
org.jetbrains.kotlin:kotlin-stdlib-jdk8:1.3.30 (4 constraints: eb286b45)
org.jetbrains.kotlinx:atomicfu:0.12.3 (1 constraints: ce13405a)
org.jetbrains.kotlinx:atomicfu-common:0.12.3 (1 constraints: ce13405a)
org.jetbrains.kotlinx:kotlinx-coroutines-core:1.2.0 (6 constraints: bb50b1fb)
org.jetbrains.kotlinx:kotlinx-coroutines-debug:1.2.0 (2 constraints: ab0e7e3e)
org.jetbrains.kotlinx:kotlinx-coroutines-jdk8:1.2.0 (2 constraints: ab0e7e3e)
org.jfree:jfreesvg:3.3 (2 constraints: 56129fd7)
org.jline:jline:3.11.0 (1 constraints: 3705383b)
org.json:json:20170516 (1 constraints: cf0c281f)
org.ow2.asm:asm:5.0.3 (2 constraints: e212e268)
org.ow2.asm:asm-analysis:5.0.3 (1 constraints: ee09d4b2)
org.ow2.asm:asm-commons:5.0.3 (1 constraints: ee09d4b2)
org.ow2.asm:asm-tree:5.0.3 (4 constraints: d8272223)
org.ow2.asm:asm-util:5.0.3 (1 constraints: ee09d4b2)
org.slf4j:slf4j-api:1.8.0-beta4 (7 constraints: 836020c5)
org.slf4j:slf4j-jdk14:1.8.0-beta4 (1 constraints: de0aa7c8)
org.webjars.bower:js-beautify:1.6.12 (1 constraints: 2811cad3)
org.yaml:snakeyaml:1.23 (1 constraints: 6e17f627)
org.zeroturnaround:zt-exec:1.10 (3 constraints: 281cf549)
pt.davidafsilva.apple:jkeychain:1.0.0 (2 constraints: a90e443e)
software.amazon.ion:ion-java:1.0.2 (1 constraints: 720db831)
